// !$*UTF8*$!
{
	archiveVersion = 1;
	classes = {
	};
	objectVersion = 46;
	objects = {

/* Begin PBXBuildFile section */
		C275DA181A372584000E2600 /* AppDelegate.swift in Sources */ = {isa = PBXBuildFile; fileRef = C275DA171A372584000E2600 /* AppDelegate.swift */; };
		C275DA1C1A372584000E2600 /* GameScene.swift in Sources */ = {isa = PBXBuildFile; fileRef = C275DA1B1A372584000E2600 /* GameScene.swift */; };
		C275DA1E1A372584000E2600 /* GameViewController.swift in Sources */ = {isa = PBXBuildFile; fileRef = C275DA1D1A372584000E2600 /* GameViewController.swift */; };
		C275DA211A372584000E2600 /* Main.storyboard in Resources */ = {isa = PBXBuildFile; fileRef = C275DA1F1A372584000E2600 /* Main.storyboard */; };
		C275DA231A372584000E2600 /* Images.xcassets in Resources */ = {isa = PBXBuildFile; fileRef = C275DA221A372584000E2600 /* Images.xcassets */; };
		C275DA261A372584000E2600 /* LaunchScreen.xib in Resources */ = {isa = PBXBuildFile; fileRef = C275DA241A372584000E2600 /* LaunchScreen.xib */; };
		C275DA321A372584000E2600 /* XBlasterTests.swift in Sources */ = {isa = PBXBuildFile; fileRef = C275DA311A372584000E2600 /* XBlasterTests.swift */; };
		C2E70E7B1A3735D500F17234 /* edunline.ttf in Resources */ = {isa = PBXBuildFile; fileRef = C2E70E7A1A3735D500F17234 /* edunline.ttf */; };
		C2E70E891A3746A100F17234 /* CGFloat+Extensions.swift in Sources */ = {isa = PBXBuildFile; fileRef = C2E70E7D1A3746A100F17234 /* CGFloat+Extensions.swift */; };
		C2E70E8A1A3746A100F17234 /* CGPoint+Extensions.swift in Sources */ = {isa = PBXBuildFile; fileRef = C2E70E7E1A3746A100F17234 /* CGPoint+Extensions.swift */; };
		C2E70E8B1A3746A100F17234 /* CGVector+Extensions.swift in Sources */ = {isa = PBXBuildFile; fileRef = C2E70E7F1A3746A100F17234 /* CGVector+Extensions.swift */; };
		C2E70E8C1A3746A100F17234 /* Int+Extensions.swift in Sources */ = {isa = PBXBuildFile; fileRef = C2E70E801A3746A100F17234 /* Int+Extensions.swift */; };
		C2E70E8D1A3746A100F17234 /* SKAction+Extensions.swift in Sources */ = {isa = PBXBuildFile; fileRef = C2E70E811A3746A100F17234 /* SKAction+Extensions.swift */; };
		C2E70E8E1A3746A100F17234 /* SKAction+SpecialEffects.swift in Sources */ = {isa = PBXBuildFile; fileRef = C2E70E821A3746A100F17234 /* SKAction+SpecialEffects.swift */; };
		C2E70E8F1A3746A100F17234 /* SKColor+Extensions.swift in Sources */ = {isa = PBXBuildFile; fileRef = C2E70E831A3746A100F17234 /* SKColor+Extensions.swift */; };
		C2E70E901A3746A100F17234 /* SKNode+Extensions.swift in Sources */ = {isa = PBXBuildFile; fileRef = C2E70E841A3746A100F17234 /* SKNode+Extensions.swift */; };
		C2E70E911A3746A100F17234 /* SKTAudio.swift in Sources */ = {isa = PBXBuildFile; fileRef = C2E70E851A3746A100F17234 /* SKTAudio.swift */; };
		C2E70E921A3746A100F17234 /* SKTEffects.swift in Sources */ = {isa = PBXBuildFile; fileRef = C2E70E861A3746A100F17234 /* SKTEffects.swift */; };
		C2E70E931A3746A100F17234 /* SKTTimingFunctions.swift in Sources */ = {isa = PBXBuildFile; fileRef = C2E70E871A3746A100F17234 /* SKTTimingFunctions.swift */; };
		C2E70E941A3746A100F17234 /* Vector3.swift in Sources */ = {isa = PBXBuildFile; fileRef = C2E70E881A3746A100F17234 /* Vector3.swift */; };
/* End PBXBuildFile section */

/* Begin PBXContainerItemProxy section */
		C275DA2C1A372584000E2600 /* PBXContainerItemProxy */ = {
			isa = PBXContainerItemProxy;
			containerPortal = C275DA0A1A372584000E2600 /* Project object */;
			proxyType = 1;
			remoteGlobalIDString = C275DA111A372584000E2600;
			remoteInfo = XBlaster;
		};
/* End PBXContainerItemProxy section */

/* Begin PBXFileReference section */
		C275DA121A372584000E2600 /* XBlaster.app */ = {isa = PBXFileReference; explicitFileType = wrapper.application; includeInIndex = 0; path = XBlaster.app; sourceTree = BUILT_PRODUCTS_DIR; };
		C275DA161A372584000E2600 /* Info.plist */ = {isa = PBXFileReference; lastKnownFileType = text.plist.xml; path = Info.plist; sourceTree = "<group>"; };
		C275DA171A372584000E2600 /* AppDelegate.swift */ = {isa = PBXFileReference; lastKnownFileType = sourcecode.swift; path = AppDelegate.swift; sourceTree = "<group>"; };
		C275DA1B1A372584000E2600 /* GameScene.swift */ = {isa = PBXFileReference; lastKnownFileType = sourcecode.swift; path = GameScene.swift; sourceTree = "<group>"; };
		C275DA1D1A372584000E2600 /* GameViewController.swift */ = {isa = PBXFileReference; lastKnownFileType = sourcecode.swift; path = GameViewController.swift; sourceTree = "<group>"; };
		C275DA201A372584000E2600 /* Base */ = {isa = PBXFileReference; lastKnownFileType = file.storyboard; name = Base; path = Base.lproj/Main.storyboard; sourceTree = "<group>"; };
		C275DA221A372584000E2600 /* Images.xcassets */ = {isa = PBXFileReference; lastKnownFileType = folder.assetcatalog; path = Images.xcassets; sourceTree = "<group>"; };
		C275DA251A372584000E2600 /* Base */ = {isa = PBXFileReference; lastKnownFileType = file.xib; name = Base; path = Base.lproj/LaunchScreen.xib; sourceTree = "<group>"; };
		C275DA2B1A372584000E2600 /* XBlasterTests.xctest */ = {isa = PBXFileReference; explicitFileType = wrapper.cfbundle; includeInIndex = 0; path = XBlasterTests.xctest; sourceTree = BUILT_PRODUCTS_DIR; };
		C275DA301A372584000E2600 /* Info.plist */ = {isa = PBXFileReference; lastKnownFileType = text.plist.xml; path = Info.plist; sourceTree = "<group>"; };
		C275DA311A372584000E2600 /* XBlasterTests.swift */ = {isa = PBXFileReference; lastKnownFileType = sourcecode.swift; path = XBlasterTests.swift; sourceTree = "<group>"; };
		C2E70E751A372C9700F17234 /* README.md */ = {isa = PBXFileReference; fileEncoding = 4; lastKnownFileType = net.daringfireball.markdown; path = README.md; sourceTree = "<group>"; };
		C2E70E7A1A3735D500F17234 /* edunline.ttf */ = {isa = PBXFileReference; lastKnownFileType = file; path = edunline.ttf; sourceTree = "<group>"; };
		C2E70E7D1A3746A100F17234 /* CGFloat+Extensions.swift */ = {isa = PBXFileReference; fileEncoding = 4; lastKnownFileType = sourcecode.swift; path = "CGFloat+Extensions.swift"; sourceTree = "<group>"; };
		C2E70E7E1A3746A100F17234 /* CGPoint+Extensions.swift */ = {isa = PBXFileReference; fileEncoding = 4; lastKnownFileType = sourcecode.swift; path = "CGPoint+Extensions.swift"; sourceTree = "<group>"; };
		C2E70E7F1A3746A100F17234 /* CGVector+Extensions.swift */ = {isa = PBXFileReference; fileEncoding = 4; lastKnownFileType = sourcecode.swift; path = "CGVector+Extensions.swift"; sourceTree = "<group>"; };
		C2E70E801A3746A100F17234 /* Int+Extensions.swift */ = {isa = PBXFileReference; fileEncoding = 4; lastKnownFileType = sourcecode.swift; path = "Int+Extensions.swift"; sourceTree = "<group>"; };
		C2E70E811A3746A100F17234 /* SKAction+Extensions.swift */ = {isa = PBXFileReference; fileEncoding = 4; lastKnownFileType = sourcecode.swift; path = "SKAction+Extensions.swift"; sourceTree = "<group>"; };
		C2E70E821A3746A100F17234 /* SKAction+SpecialEffects.swift */ = {isa = PBXFileReference; fileEncoding = 4; lastKnownFileType = sourcecode.swift; path = "SKAction+SpecialEffects.swift"; sourceTree = "<group>"; };
		C2E70E831A3746A100F17234 /* SKColor+Extensions.swift */ = {isa = PBXFileReference; fileEncoding = 4; lastKnownFileType = sourcecode.swift; path = "SKColor+Extensions.swift"; sourceTree = "<group>"; };
		C2E70E841A3746A100F17234 /* SKNode+Extensions.swift */ = {isa = PBXFileReference; fileEncoding = 4; lastKnownFileType = sourcecode.swift; path = "SKNode+Extensions.swift"; sourceTree = "<group>"; };
		C2E70E851A3746A100F17234 /* SKTAudio.swift */ = {isa = PBXFileReference; fileEncoding = 4; lastKnownFileType = sourcecode.swift; path = SKTAudio.swift; sourceTree = "<group>"; };
		C2E70E861A3746A100F17234 /* SKTEffects.swift */ = {isa = PBXFileReference; fileEncoding = 4; lastKnownFileType = sourcecode.swift; path = SKTEffects.swift; sourceTree = "<group>"; };
		C2E70E871A3746A100F17234 /* SKTTimingFunctions.swift */ = {isa = PBXFileReference; fileEncoding = 4; lastKnownFileType = sourcecode.swift; path = SKTTimingFunctions.swift; sourceTree = "<group>"; };
		C2E70E881A3746A100F17234 /* Vector3.swift */ = {isa = PBXFileReference; fileEncoding = 4; lastKnownFileType = sourcecode.swift; path = Vector3.swift; sourceTree = "<group>"; };
/* End PBXFileReference section */

/* Begin PBXFrameworksBuildPhase section */
		C275DA0F1A372584000E2600 /* Frameworks */ = {
			isa = PBXFrameworksBuildPhase;
			buildActionMask = 2147483647;
			files = (
			);
			runOnlyForDeploymentPostprocessing = 0;
		};
		C275DA281A372584000E2600 /* Frameworks */ = {
			isa = PBXFrameworksBuildPhase;
			buildActionMask = 2147483647;
			files = (
			);
			runOnlyForDeploymentPostprocessing = 0;
		};
/* End PBXFrameworksBuildPhase section */

/* Begin PBXGroup section */
		C275DA091A372584000E2600 = {
			isa = PBXGroup;
			children = (
				C2E70E751A372C9700F17234 /* README.md */,
				C2E70E7C1A3746A100F17234 /* SKTUtils */,
				C275DA141A372584000E2600 /* XBlaster */,
				C275DA2E1A372584000E2600 /* XBlasterTests */,
				C275DA131A372584000E2600 /* Products */,
			);
			sourceTree = "<group>";
		};
		C275DA131A372584000E2600 /* Products */ = {
			isa = PBXGroup;
			children = (
				C275DA121A372584000E2600 /* XBlaster.app */,
				C275DA2B1A372584000E2600 /* XBlasterTests.xctest */,
			);
			name = Products;
			sourceTree = "<group>";
		};
		C275DA141A372584000E2600 /* XBlaster */ = {
			isa = PBXGroup;
			children = (
				C2E70E771A3731E400F17234 /* Fonts */,
				C275DA171A372584000E2600 /* AppDelegate.swift */,
				C275DA1B1A372584000E2600 /* GameScene.swift */,
				C275DA1D1A372584000E2600 /* GameViewController.swift */,
				C275DA1F1A372584000E2600 /* Main.storyboard */,
				C275DA221A372584000E2600 /* Images.xcassets */,
				C275DA241A372584000E2600 /* LaunchScreen.xib */,
				C275DA151A372584000E2600 /* Supporting Files */,
			);
			path = XBlaster;
			sourceTree = "<group>";
		};
		C275DA151A372584000E2600 /* Supporting Files */ = {
			isa = PBXGroup;
			children = (
				C275DA161A372584000E2600 /* Info.plist */,
			);
			name = "Supporting Files";
			sourceTree = "<group>";
		};
		C275DA2E1A372584000E2600 /* XBlasterTests */ = {
			isa = PBXGroup;
			children = (
				C275DA311A372584000E2600 /* XBlasterTests.swift */,
				C275DA2F1A372584000E2600 /* Supporting Files */,
			);
			path = XBlasterTests;
			sourceTree = "<group>";
		};
		C275DA2F1A372584000E2600 /* Supporting Files */ = {
			isa = PBXGroup;
			children = (
				C275DA301A372584000E2600 /* Info.plist */,
			);
			name = "Supporting Files";
			sourceTree = "<group>";
		};
		C2E70E771A3731E400F17234 /* Fonts */ = {
			isa = PBXGroup;
			children = (
				C2E70E7A1A3735D500F17234 /* edunline.ttf */,
			);
			name = Fonts;
			path = ..;
			sourceTree = "<group>";
		};
		C2E70E7C1A3746A100F17234 /* SKTUtils */ = {
			isa = PBXGroup;
			children = (
				C2E70E7D1A3746A100F17234 /* CGFloat+Extensions.swift */,
				C2E70E7E1A3746A100F17234 /* CGPoint+Extensions.swift */,
				C2E70E7F1A3746A100F17234 /* CGVector+Extensions.swift */,
				C2E70E801A3746A100F17234 /* Int+Extensions.swift */,
				C2E70E811A3746A100F17234 /* SKAction+Extensions.swift */,
				C2E70E821A3746A100F17234 /* SKAction+SpecialEffects.swift */,
				C2E70E831A3746A100F17234 /* SKColor+Extensions.swift */,
				C2E70E841A3746A100F17234 /* SKNode+Extensions.swift */,
				C2E70E851A3746A100F17234 /* SKTAudio.swift */,
				C2E70E861A3746A100F17234 /* SKTEffects.swift */,
				C2E70E871A3746A100F17234 /* SKTTimingFunctions.swift */,
				C2E70E881A3746A100F17234 /* Vector3.swift */,
			);
			path = SKTUtils;
			sourceTree = "<group>";
		};
/* End PBXGroup section */

/* Begin PBXNativeTarget section */
		C275DA111A372584000E2600 /* XBlaster */ = {
			isa = PBXNativeTarget;
			buildConfigurationList = C275DA351A372584000E2600 /* Build configuration list for PBXNativeTarget "XBlaster" */;
			buildPhases = (
				C275DA0E1A372584000E2600 /* Sources */,
				C275DA0F1A372584000E2600 /* Frameworks */,
				C275DA101A372584000E2600 /* Resources */,
			);
			buildRules = (
			);
			dependencies = (
			);
			name = XBlaster;
			productName = XBlaster;
			productReference = C275DA121A372584000E2600 /* XBlaster.app */;
			productType = "com.apple.product-type.application";
		};
		C275DA2A1A372584000E2600 /* XBlasterTests */ = {
			isa = PBXNativeTarget;
			buildConfigurationList = C275DA381A372584000E2600 /* Build configuration list for PBXNativeTarget "XBlasterTests" */;
			buildPhases = (
				C275DA271A372584000E2600 /* Sources */,
				C275DA281A372584000E2600 /* Frameworks */,
				C275DA291A372584000E2600 /* Resources */,
			);
			buildRules = (
			);
			dependencies = (
				C275DA2D1A372584000E2600 /* PBXTargetDependency */,
			);
			name = XBlasterTests;
			productName = XBlasterTests;
			productReference = C275DA2B1A372584000E2600 /* XBlasterTests.xctest */;
			productType = "com.apple.product-type.bundle.unit-test";
		};
/* End PBXNativeTarget section */

/* Begin PBXProject section */
		C275DA0A1A372584000E2600 /* Project object */ = {
			isa = PBXProject;
			attributes = {
				LastUpgradeCheck = 0620;
				ORGANIZATIONNAME = Loxoll;
				TargetAttributes = {
					C275DA111A372584000E2600 = {
						CreatedOnToolsVersion = 6.2;
					};
					C275DA2A1A372584000E2600 = {
						CreatedOnToolsVersion = 6.2;
						TestTargetID = C275DA111A372584000E2600;
					};
				};
			};
			buildConfigurationList = C275DA0D1A372584000E2600 /* Build configuration list for PBXProject "XBlaster" */;
			compatibilityVersion = "Xcode 3.2";
			developmentRegion = English;
			hasScannedForEncodings = 0;
			knownRegions = (
				en,
				Base,
			);
			mainGroup = C275DA091A372584000E2600;
			productRefGroup = C275DA131A372584000E2600 /* Products */;
			projectDirPath = "";
			projectRoot = "";
			targets = (
				C275DA111A372584000E2600 /* XBlaster */,
				C275DA2A1A372584000E2600 /* XBlasterTests */,
			);
		};
/* End PBXProject section */

/* Begin PBXResourcesBuildPhase section */
		C275DA101A372584000E2600 /* Resources */ = {
			isa = PBXResourcesBuildPhase;
			buildActionMask = 2147483647;
			files = (
				C275DA261A372584000E2600 /* LaunchScreen.xib in Resources */,
				C275DA231A372584000E2600 /* Images.xcassets in Resources */,
				C2E70E7B1A3735D500F17234 /* edunline.ttf in Resources */,
				C275DA211A372584000E2600 /* Main.storyboard in Resources */,
			);
			runOnlyForDeploymentPostprocessing = 0;
		};
		C275DA291A372584000E2600 /* Resources */ = {
			isa = PBXResourcesBuildPhase;
			buildActionMask = 2147483647;
			files = (
			);
			runOnlyForDeploymentPostprocessing = 0;
		};
/* End PBXResourcesBuildPhase section */

/* Begin PBXSourcesBuildPhase section */
		C275DA0E1A372584000E2600 /* Sources */ = {
			isa = PBXSourcesBuildPhase;
			buildActionMask = 2147483647;
			files = (
				C275DA1C1A372584000E2600 /* GameScene.swift in Sources */,
				C2E70E8A1A3746A100F17234 /* CGPoint+Extensions.swift in Sources */,
				C2E70E931A3746A100F17234 /* SKTTimingFunctions.swift in Sources */,
				C2E70E921A3746A100F17234 /* SKTEffects.swift in Sources */,
				C2E70E8E1A3746A100F17234 /* SKAction+SpecialEffects.swift in Sources */,
				C2E70E8B1A3746A100F17234 /* CGVector+Extensions.swift in Sources */,
				C2E70E8D1A3746A100F17234 /* SKAction+Extensions.swift in Sources */,
				C2E70E8F1A3746A100F17234 /* SKColor+Extensions.swift in Sources */,
				C275DA1E1A372584000E2600 /* GameViewController.swift in Sources */,
				C2E70E8C1A3746A100F17234 /* Int+Extensions.swift in Sources */,
				C2E70E901A3746A100F17234 /* SKNode+Extensions.swift in Sources */,
				C2E70E911A3746A100F17234 /* SKTAudio.swift in Sources */,
				C2E70E891A3746A100F17234 /* CGFloat+Extensions.swift in Sources */,
				C2E70E941A3746A100F17234 /* Vector3.swift in Sources */,
				C275DA181A372584000E2600 /* AppDelegate.swift in Sources */,
			);
			runOnlyForDeploymentPostprocessing = 0;
		};
		C275DA271A372584000E2600 /* Sources */ = {
			isa = PBXSourcesBuildPhase;
			buildActionMask = 2147483647;
			files = (
				C275DA321A372584000E2600 /* XBlasterTests.swift in Sources */,
			);
			runOnlyForDeploymentPostprocessing = 0;
		};
/* End PBXSourcesBuildPhase section */

/* Begin PBXTargetDependency section */
		C275DA2D1A372584000E2600 /* PBXTargetDependency */ = {
			isa = PBXTargetDependency;
			target = C275DA111A372584000E2600 /* XBlaster */;
			targetProxy = C275DA2C1A372584000E2600 /* PBXContainerItemProxy */;
		};
/* End PBXTargetDependency section */

/* Begin PBXVariantGroup section */
		C275DA1F1A372584000E2600 /* Main.storyboard */ = {
			isa = PBXVariantGroup;
			children = (
				C275DA201A372584000E2600 /* Base */,
			);
			name = Main.storyboard;
			sourceTree = "<group>";
		};
		C275DA241A372584000E2600 /* LaunchScreen.xib */ = {
			isa = PBXVariantGroup;
			children = (
				C275DA251A372584000E2600 /* Base */,
			);
			name = LaunchScreen.xib;
			sourceTree = "<group>";
		};
/* End PBXVariantGroup section */

/* Begin XCBuildConfiguration section */
		C275DA331A372584000E2600 /* Debug */ = {
			isa = XCBuildConfiguration;
			buildSettings = {
				ALWAYS_SEARCH_USER_PATHS = NO;
				CLANG_CXX_LANGUAGE_STANDARD = "gnu++0x";
				CLANG_CXX_LIBRARY = "libc++";
				CLANG_ENABLE_MODULES = YES;
				CLANG_ENABLE_OBJC_ARC = YES;
				CLANG_WARN_BOOL_CONVERSION = YES;
				CLANG_WARN_CONSTANT_CONVERSION = YES;
				CLANG_WARN_DIRECT_OBJC_ISA_USAGE = YES_ERROR;
				CLANG_WARN_EMPTY_BODY = YES;
				CLANG_WARN_ENUM_CONVERSION = YES;
				CLANG_WARN_INT_CONVERSION = YES;
				CLANG_WARN_OBJC_ROOT_CLASS = YES_ERROR;
				CLANG_WARN_UNREACHABLE_CODE = YES;
				CLANG_WARN__DUPLICATE_METHOD_MATCH = YES;
				"CODE_SIGN_IDENTITY[sdk=iphoneos*]" = "iPhone Developer";
				COPY_PHASE_STRIP = NO;
				ENABLE_STRICT_OBJC_MSGSEND = YES;
				GCC_C_LANGUAGE_STANDARD = gnu99;
				GCC_DYNAMIC_NO_PIC = NO;
				GCC_OPTIMIZATION_LEVEL = 0;
				GCC_PREPROCESSOR_DEFINITIONS = (
					"DEBUG=1",
					"$(inherited)",
				);
				GCC_SYMBOLS_PRIVATE_EXTERN = NO;
				GCC_WARN_64_TO_32_BIT_CONVERSION = YES;
				GCC_WARN_ABOUT_RETURN_TYPE = YES_ERROR;
				GCC_WARN_UNDECLARED_SELECTOR = YES;
				GCC_WARN_UNINITIALIZED_AUTOS = YES_AGGRESSIVE;
				GCC_WARN_UNUSED_FUNCTION = YES;
				GCC_WARN_UNUSED_VARIABLE = YES;
				IPHONEOS_DEPLOYMENT_TARGET = 8.2;
				MTL_ENABLE_DEBUG_INFO = YES;
				ONLY_ACTIVE_ARCH = YES;
				SDKROOT = iphoneos;
				SWIFT_OPTIMIZATION_LEVEL = "-Onone";
				TARGETED_DEVICE_FAMILY = "1,2";
			};
			name = Debug;
		};
		C275DA341A372584000E2600 /* Release */ = {
			isa = XCBuildConfiguration;
			buildSettings = {
				ALWAYS_SEARCH_USER_PATHS = NO;
				CLANG_CXX_LANGUAGE_STANDARD = "gnu++0x";
				CLANG_CXX_LIBRARY = "libc++";
				CLANG_ENABLE_MODULES = YES;
				CLANG_ENABLE_OBJC_ARC = YES;
				CLANG_WARN_BOOL_CONVERSION = YES;
				CLANG_WARN_CONSTANT_CONVERSION = YES;
				CLANG_WARN_DIRECT_OBJC_ISA_USAGE = YES_ERROR;
				CLANG_WARN_EMPTY_BODY = YES;
				CLANG_WARN_ENUM_CONVERSION = YES;
				CLANG_WARN_INT_CONVERSION = YES;
				CLANG_WARN_OBJC_ROOT_CLASS = YES_ERROR;
				CLANG_WARN_UNREACHABLE_CODE = YES;
				CLANG_WARN__DUPLICATE_METHOD_MATCH = YES;
				"CODE_SIGN_IDENTITY[sdk=iphoneos*]" = "iPhone Developer";
				COPY_PHASE_STRIP = YES;
				ENABLE_NS_ASSERTIONS = NO;
				ENABLE_STRICT_OBJC_MSGSEND = YES;
				GCC_C_LANGUAGE_STANDARD = gnu99;
				GCC_WARN_64_TO_32_BIT_CONVERSION = YES;
				GCC_WARN_ABOUT_RETURN_TYPE = YES_ERROR;
				GCC_WARN_UNDECLARED_SELECTOR = YES;
				GCC_WARN_UNINITIALIZED_AUTOS = YES_AGGRESSIVE;
				GCC_WARN_UNUSED_FUNCTION = YES;
				GCC_WARN_UNUSED_VARIABLE = YES;
				IPHONEOS_DEPLOYMENT_TARGET = 8.2;
				MTL_ENABLE_DEBUG_INFO = NO;
				SDKROOT = iphoneos;
				TARGETED_DEVICE_FAMILY = "1,2";
				VALIDATE_PRODUCT = YES;
			};
			name = Release;
		};
		C275DA361A372584000E2600 /* Debug */ = {
			isa = XCBuildConfiguration;
			buildSettings = {
				ASSETCATALOG_COMPILER_APPICON_NAME = AppIcon;
				INFOPLIST_FILE = XBlaster/Info.plist;
				LD_RUNPATH_SEARCH_PATHS = "$(inherited) @executable_path/Frameworks";
				PRODUCT_NAME = "$(TARGET_NAME)";
			};
			name = Debug;
		};
		C275DA371A372584000E2600 /* Release */ = {
			isa = XCBuildConfiguration;
			buildSettings = {
				ASSETCATALOG_COMPILER_APPICON_NAME = AppIcon;
				INFOPLIST_FILE = XBlaster/Info.plist;
				LD_RUNPATH_SEARCH_PATHS = "$(inherited) @executable_path/Frameworks";
				PRODUCT_NAME = "$(TARGET_NAME)";
			};
			name = Release;
		};
		C275DA391A372584000E2600 /* Debug */ = {
			isa = XCBuildConfiguration;
			buildSettings = {
				BUNDLE_LOADER = "$(TEST_HOST)";
				FRAMEWORK_SEARCH_PATHS = (
					"$(SDKROOT)/Developer/Library/Frameworks",
					"$(inherited)",
				);
				GCC_PREPROCESSOR_DEFINITIONS = (
					"DEBUG=1",
					"$(inherited)",
				);
				INFOPLIST_FILE = XBlasterTests/Info.plist;
				LD_RUNPATH_SEARCH_PATHS = "$(inherited) @executable_path/Frameworks @loader_path/Frameworks";
				PRODUCT_NAME = "$(TARGET_NAME)";
				TEST_HOST = "$(BUILT_PRODUCTS_DIR)/XBlaster.app/XBlaster";
			};
			name = Debug;
		};
		C275DA3A1A372584000E2600 /* Release */ = {
			isa = XCBuildConfiguration;
			buildSettings = {
				BUNDLE_LOADER = "$(TEST_HOST)";
				FRAMEWORK_SEARCH_PATHS = (
					"$(SDKROOT)/Developer/Library/Frameworks",
					"$(inherited)",
				);
				INFOPLIST_FILE = XBlasterTests/Info.plist;
				LD_RUNPATH_SEARCH_PATHS = "$(inherited) @executable_path/Frameworks @loader_path/Frameworks";
				PRODUCT_NAME = "$(TARGET_NAME)";
				TEST_HOST = "$(BUILT_PRODUCTS_DIR)/XBlaster.app/XBlaster";
			};
			name = Release;
		};
/* End XCBuildConfiguration section */

/* Begin XCConfigurationList section */
		C275DA0D1A372584000E2600 /* Build configuration list for PBXProject "XBlaster" */ = {
			isa = XCConfigurationList;
			buildConfigurations = (
				C275DA331A372584000E2600 /* Debug */,
				C275DA341A372584000E2600 /* Release */,
			);
			defaultConfigurationIsVisible = 0;
			defaultConfigurationName = Release;
		};
		C275DA351A372584000E2600 /* Build configuration list for PBXNativeTarget "XBlaster" */ = {
			isa = XCConfigurationList;
			buildConfigurations = (
				C275DA361A372584000E2600 /* Debug */,
				C275DA371A372584000E2600 /* Release */,
			);
			defaultConfigurationIsVisible = 0;
			defaultConfigurationName = Release;
		};
		C275DA381A372584000E2600 /* Build configuration list for PBXNativeTarget "XBlasterTests" */ = {
			isa = XCConfigurationList;
			buildConfigurations = (
				C275DA391A372584000E2600 /* Debug */,
				C275DA3A1A372584000E2600 /* Release */,
			);
			defaultConfigurationIsVisible = 0;
			defaultConfigurationName = Release;
		};
/* End XCConfigurationList section */
	};
	rootObject = C275DA0A1A372584000E2600 /* Project object */;
}
